
Microsoft Visual Studio Solution File, Format Version 12.00
# Visual Studio Version 17
VisualStudioVersion = 17.7.34221.43
MinimumVisualStudioVersion = 10.0.40219.1
Project("{2150E333-8FDC-42A3-9474-1A3956D46DE8}") = "Core", "Core", "{C5E1CB1F-C83C-4F97-B115-E8C05C61F5C2}"
EndProject
Project("{FAE04EC0-301F-11D3-BF4B-00C04F79EFBC}") = "EShopAPI.Domain", "Core\EShopAPI.Domain\EShopAPI.Domain.csproj", "{04396A49-471F-43B0-A394-45D60462B81C}"
EndProject
Project("{FAE04EC0-301F-11D3-BF4B-00C04F79EFBC}") = "EShopAPI.Application", "Core\EShopAPI.Application\EShopAPI.Application.csproj", "{EC6832C7-2BFA-4820-A00F-0ACB5660972B}"
EndProject
Project("{2150E333-8FDC-42A3-9474-1A3956D46DE8}") = "Infrastructure", "Infrastructure", "{E49AD0BF-45D1-4289-9A7F-E92E677C3598}"
EndProject
Project("{FAE04EC0-301F-11D3-BF4B-00C04F79EFBC}") = "EShopAPI.Infrastructure", "Infrastructure\EShopAPI.Infrastructure\EShopAPI.Infrastructure.csproj", "{0D9FC7D9-635A-4BCE-913B-07B383F9B8DA}"
EndProject
Project("{FAE04EC0-301F-11D3-BF4B-00C04F79EFBC}") = "EShopAPI.Persistence", "Infrastructure\EShopAPI.Persistence\EShopAPI.Persistence.csproj", "{E2530BBA-572A-4B8A-983F-8D6FC00108B0}"
EndProject
Project("{2150E333-8FDC-42A3-9474-1A3956D46DE8}") = "Presentation", "Presentation", "{F467C024-C06F-4910-A74E-97636D6D2EF8}"
EndProject
Project("{FAE04EC0-301F-11D3-BF4B-00C04F79EFBC}") = "EShopAPI.API", "Presentation\EShopAPI.API\EShopAPI.API.csproj", "{EA19A59E-57F0-4646-A5E6-E61B95013F1D}"
EndProject
Global
	GlobalSection(SolutionConfigurationPlatforms) = preSolution
		Debug|Any CPU = Debug|Any CPU
		Release|Any CPU = Release|Any CPU
	EndGlobalSection
	GlobalSection(ProjectConfigurationPlatforms) = postSolution
		{04396A49-471F-43B0-A394-45D60462B81C}.Debug|Any CPU.ActiveCfg = Debug|Any CPU
		{04396A49-471F-43B0-A394-45D60462B81C}.Debug|Any CPU.Build.0 = Debug|Any CPU
		{04396A49-471F-43B0-A394-45D60462B81C}.Release|Any CPU.ActiveCfg = Release|Any CPU
		{04396A49-471F-43B0-A394-45D60462B81C}.Release|Any CPU.Build.0 = Release|Any CPU
		{EC6832C7-2BFA-4820-A00F-0ACB5660972B}.Debug|Any CPU.ActiveCfg = Debug|Any CPU
		{EC6832C7-2BFA-4820-A00F-0ACB5660972B}.Debug|Any CPU.Build.0 = Debug|Any CPU
		{EC6832C7-2BFA-4820-A00F-0ACB5660972B}.Release|Any CPU.ActiveCfg = Release|Any CPU
		{EC6832C7-2BFA-4820-A00F-0ACB5660972B}.Release|Any CPU.Build.0 = Release|Any CPU
		{0D9FC7D9-635A-4BCE-913B-07B383F9B8DA}.Debug|Any CPU.ActiveCfg = Debug|Any CPU
		{0D9FC7D9-635A-4BCE-913B-07B383F9B8DA}.Debug|Any CPU.Build.0 = Debug|Any CPU
		{0D9FC7D9-635A-4BCE-913B-07B383F9B8DA}.Release|Any CPU.ActiveCfg = Release|Any CPU
		{0D9FC7D9-635A-4BCE-913B-07B383F9B8DA}.Release|Any CPU.Build.0 = Release|Any CPU
		{E2530BBA-572A-4B8A-983F-8D6FC00108B0}.Debug|Any CPU.ActiveCfg = Debug|Any CPU
		{E2530BBA-572A-4B8A-983F-8D6FC00108B0}.Debug|Any CPU.Build.0 = Debug|Any CPU
		{E2530BBA-572A-4B8A-983F-8D6FC00108B0}.Release|Any CPU.ActiveCfg = Release|Any CPU
		{E2530BBA-572A-4B8A-983F-8D6FC00108B0}.Release|Any CPU.Build.0 = Release|Any CPU
		{EA19A59E-57F0-4646-A5E6-E61B95013F1D}.Debug|Any CPU.ActiveCfg = Debug|Any CPU
		{EA19A59E-57F0-4646-A5E6-E61B95013F1D}.Debug|Any CPU.Build.0 = Debug|Any CPU
		{EA19A59E-57F0-4646-A5E6-E61B95013F1D}.Release|Any CPU.ActiveCfg = Release|Any CPU
		{EA19A59E-57F0-4646-A5E6-E61B95013F1D}.Release|Any CPU.Build.0 = Release|Any CPU
	EndGlobalSection
	GlobalSection(SolutionProperties) = preSolution
		HideSolutionNode = FALSE
	EndGlobalSection
	GlobalSection(NestedProjects) = preSolution
		{04396A49-471F-43B0-A394-45D60462B81C} = {C5E1CB1F-C83C-4F97-B115-E8C05C61F5C2}
		{EC6832C7-2BFA-4820-A00F-0ACB5660972B} = {C5E1CB1F-C83C-4F97-B115-E8C05C61F5C2}
		{0D9FC7D9-635A-4BCE-913B-07B383F9B8DA} = {E49AD0BF-45D1-4289-9A7F-E92E677C3598}
		{E2530BBA-572A-4B8A-983F-8D6FC00108B0} = {E49AD0BF-45D1-4289-9A7F-E92E677C3598}
		{EA19A59E-57F0-4646-A5E6-E61B95013F1D} = {F467C024-C06F-4910-A74E-97636D6D2EF8}
	EndGlobalSection
	GlobalSection(ExtensibilityGlobals) = postSolution
		SolutionGuid = {B14A796E-3C28-48EB-A26F-BB9C634CD090}
	EndGlobalSection
EndGlobal
